// !$*UTF8*$!
{
	archiveVersion = 1;
	classes = {
	};
	objectVersion = 77;
	objects = {

/* Begin PBXBuildFile section */
		1024F1792E3A5E0000BC07C8 /* QuantumLeap in Frameworks */ = {isa = PBXBuildFile; productRef = 1024F1782E3A5E0000BC07C8 /* QuantumLeap */; };
		1024F1AE2E3A6AB400BC07C8 /* InfoPlist.strings in Resources */ = {isa = PBXBuildFile; fileRef = 1024F1AD2E3A6AB400BC07C8 /* InfoPlist.strings */; };
		10338CBA2CBAA69000A166C3 /* CodeScanner in Frameworks */ = {isa = PBXBuildFile; productRef = 10338CB92CBAA69000A166C3 /* CodeScanner */; };
		10338CBD2CBAB7DE00A166C3 /* String.swift in Sources */ = {isa = PBXBuildFile; fileRef = 10338CBC2CBAB7DD00A166C3 /* String.swift */; };
		10338CC72CBACDA500A166C3 /* SDWebImageSwiftUI in Frameworks */ = {isa = PBXBuildFile; productRef = 10338CC62CBACDA500A166C3 /* SDWebImageSwiftUI */; };
		10338CCF2CBAD77100A166C3 /* Alamofire in Frameworks */ = {isa = PBXBuildFile; productRef = 10338CCE2CBAD77100A166C3 /* Alamofire */; };
		10338CD42CBB420E00A166C3 /* SettingsView.swift in Sources */ = {isa = PBXBuildFile; fileRef = 10338CD32CBB420A00A166C3 /* SettingsView.swift */; };
		10338CD62CBB423000A166C3 /* NSConfig.swift in Sources */ = {isa = PBXBuildFile; fileRef = 10338CD52CBB422D00A166C3 /* NSConfig.swift */; };
		10338CD82CBB46BE00A166C3 /* NSShareItem.swift in Sources */ = {isa = PBXBuildFile; fileRef = 10338CD72CBB46BB00A166C3 /* NSShareItem.swift */; };
		10338CDA2CBB489B00A166C3 /* UIApplication.swift in Sources */ = {isa = PBXBuildFile; fileRef = 10338CD92CBB489800A166C3 /* UIApplication.swift */; };
		10907BDE2E55970600CE4BC4 /* FirebaseAnalytics in Frameworks */ = {isa = PBXBuildFile; productRef = 10907BDD2E55970600CE4BC4 /* FirebaseAnalytics */; };
		10907BE02E55970E00CE4BC4 /* FirebaseAnalyticsCore in Frameworks */ = {isa = PBXBuildFile; productRef = 10907BDF2E55970E00CE4BC4 /* FirebaseAnalyticsCore */; };
		10907BE22E55971400CE4BC4 /* FirebaseCore in Frameworks */ = {isa = PBXBuildFile; productRef = 10907BE12E55971400CE4BC4 /* FirebaseCore */; };
		10907BE42E55971D00CE4BC4 /* FirebaseMessaging in Frameworks */ = {isa = PBXBuildFile; productRef = 10907BE32E55971D00CE4BC4 /* FirebaseMessaging */; };
		10907BE62E55972300CE4BC4 /* FirebasePerformance in Frameworks */ = {isa = PBXBuildFile; productRef = 10907BE52E55972300CE4BC4 /* FirebasePerformance */; };
		10907BE82E55972900CE4BC4 /* FirebaseRemoteConfig in Frameworks */ = {isa = PBXBuildFile; productRef = 10907BE72E55972900CE4BC4 /* FirebaseRemoteConfig */; };
		10907BEA2E55978300CE4BC4 /* FirebaseAppCheck in Frameworks */ = {isa = PBXBuildFile; productRef = 10907BE92E55978300CE4BC4 /* FirebaseAppCheck */; };
		109FA4862E38BF49000D841C /* FirebaseAnalytics in Frameworks */ = {isa = PBXBuildFile; productRef = 109FA4852E38BF49000D841C /* FirebaseAnalytics */; };
		109FA4882E38BF49000D841C /* FirebaseAnalyticsCore in Frameworks */ = {isa = PBXBuildFile; productRef = 109FA4872E38BF49000D841C /* FirebaseAnalyticsCore */; };
		109FA48A2E38BF49000D841C /* FirebaseAnalyticsIdentitySupport in Frameworks */ = {isa = PBXBuildFile; productRef = 109FA4892E38BF49000D841C /* FirebaseAnalyticsIdentitySupport */; };
		109FA48C2E38BF49000D841C /* FirebaseCrashlytics in Frameworks */ = {isa = PBXBuildFile; productRef = 109FA48B2E38BF49000D841C /* FirebaseCrashlytics */; };
		109FA48E2E38BF98000D841C /* GoogleService-Info.plist in Resources */ = {isa = PBXBuildFile; fileRef = 109FA48D2E38BF98000D841C /* GoogleService-Info.plist */; };
		109FA4902E38BFAB000D841C /* FirstLaunchView.swift in Sources */ = {isa = PBXBuildFile; fileRef = 109FA48F2E38BFA6000D841C /* FirstLaunchView.swift */; };
		109FA4C32E38BFBC000D841C /* LaunchScreen.storyboard in Resources */ = {isa = PBXBuildFile; fileRef = 109FA4C22E38BFBC000D841C /* LaunchScreen.storyboard */; };
		109FA4C82E38C01A000D841C /* Localizable.xcstrings in Resources */ = {isa = PBXBuildFile; fileRef = 109FA4C72E38C01A000D841C /* Localizable.xcstrings */; };
		10D6C2972CBA7DC000F8A5D4 /* mainApp.swift in Sources */ = {isa = PBXBuildFile; fileRef = 10D6C2962CBA7DC000F8A5D4 /* mainApp.swift */; };
		10D6C2992CBA7DC000F8A5D4 /* ContentView.swift in Sources */ = {isa = PBXBuildFile; fileRef = 10D6C2982CBA7DC000F8A5D4 /* ContentView.swift */; };
		10D6C29E2CBA7DC100F8A5D4 /* Preview Assets.xcassets in Resources */ = {isa = PBXBuildFile; fileRef = 10D6C29D2CBA7DC100F8A5D4 /* Preview Assets.xcassets */; };
		10D6C2A82CBA7DC100F8A5D4 /* InstantNXTests.swift in Sources */ = {isa = PBXBuildFile; fileRef = 10D6C2A72CBA7DC100F8A5D4 /* InstantNXTests.swift */; };
		10D6C2B22CBA7DC100F8A5D4 /* InstantNXUITests.swift in Sources */ = {isa = PBXBuildFile; fileRef = 10D6C2B12CBA7DC100F8A5D4 /* InstantNXUITests.swift */; };
		10D6C2B42CBA7DC100F8A5D4 /* InstantNXUITestsLaunchTests.swift in Sources */ = {isa = PBXBuildFile; fileRef = 10D6C2B32CBA7DC100F8A5D4 /* InstantNXUITestsLaunchTests.swift */; };
		10D6C2C12CBA825E00F8A5D4 /* Assets.xcassets in Resources */ = {isa = PBXBuildFile; fileRef = 10D6C2C02CBA825E00F8A5D4 /* Assets.xcassets */; };
		10DCB15A2E3A834300D360DF /* AlertToast in Frameworks */ = {isa = PBXBuildFile; productRef = 10DCB1592E3A834300D360DF /* AlertToast */; };
		10DCB1C02E3B9CA000D360DF /* NXStatus.swift in Sources */ = {isa = PBXBuildFile; fileRef = 10DCB1BF2E3B9C9D00D360DF /* NXStatus.swift */; };
		10E954622E38C7CE00AC7B28 /* NXClient.swift in Sources */ = {isa = PBXBuildFile; fileRef = 10E954612E38C7CE00AC7B28 /* NXClient.swift */; };
		10E954642E38D06800AC7B28 /* GalleryView.swift in Sources */ = {isa = PBXBuildFile; fileRef = 10E954632E38D06800AC7B28 /* GalleryView.swift */; };
		10E954922E38D9E400AC7B28 /* BetterSafariView in Frameworks */ = {isa = PBXBuildFile; productRef = 10E954912E38D9E400AC7B28 /* BetterSafariView */; };
		10E954962E38E1DF00AC7B28 /* QRScanView.swift in Sources */ = {isa = PBXBuildFile; fileRef = 10E954952E38E1DB00AC7B28 /* QRScanView.swift */; };
		10E954982E39046700AC7B28 /* ActivityView.swift in Sources */ = {isa = PBXBuildFile; fileRef = 10E954972E39046300AC7B28 /* ActivityView.swift */; };
		10E9549B2E390C3A00AC7B28 /* NXAction.swift in Sources */ = {isa = PBXBuildFile; fileRef = 10E9549A2E390C3200AC7B28 /* NXAction.swift */; };
/* End PBXBuildFile section */

/* Begin PBXContainerItemProxy section */
		10D6C2A42CBA7DC100F8A5D4 /* PBXContainerItemProxy */ = {
			isa = PBXContainerItemProxy;
			containerPortal = 10D6C28B2CBA7DC000F8A5D4 /* Project object */;
			proxyType = 1;
			remoteGlobalIDString = 10D6C2922CBA7DC000F8A5D4;
			remoteInfo = InstantNX;
		};
		10D6C2AE2CBA7DC100F8A5D4 /* PBXContainerItemProxy */ = {
			isa = PBXContainerItemProxy;
			containerPortal = 10D6C28B2CBA7DC000F8A5D4 /* Project object */;
			proxyType = 1;
			remoteGlobalIDString = 10D6C2922CBA7DC000F8A5D4;
			remoteInfo = InstantNX;
		};
/* End PBXContainerItemProxy section */

/* Begin PBXFileReference section */
		1024F1AB2E3A6AB400BC07C8 /* InfoPlist.strings */ = {isa = PBXFileReference; lastKnownFileType = text.plist.strings; name = InfoPlist.strings; path = ja.lproj/InfoPlist.strings; sourceTree = "<group>"; };
		1024F1AC2E3A6AB400BC07C8 /* InfoPlist.strings */ = {isa = PBXFileReference; lastKnownFileType = text.plist.strings; name = InfoPlist.strings; path = en.lproj/InfoPlist.strings; sourceTree = "<group>"; };
		10338CBC2CBAB7DD00A166C3 /* String.swift */ = {isa = PBXFileReference; lastKnownFileType = sourcecode.swift; path = String.swift; sourceTree = "<group>"; };
		10338CBE2CBAC12000A166C3 /* Info.plist */ = {isa = PBXFileReference; lastKnownFileType = text.plist.xml; path = Info.plist; sourceTree = "<group>"; };
		10338CD32CBB420A00A166C3 /* SettingsView.swift */ = {isa = PBXFileReference; lastKnownFileType = sourcecode.swift; path = SettingsView.swift; sourceTree = "<group>"; };
		10338CD52CBB422D00A166C3 /* NSConfig.swift */ = {isa = PBXFileReference; lastKnownFileType = sourcecode.swift; path = NSConfig.swift; sourceTree = "<group>"; };
		10338CD72CBB46BB00A166C3 /* NSShareItem.swift */ = {isa = PBXFileReference; lastKnownFileType = sourcecode.swift; path = NSShareItem.swift; sourceTree = "<group>"; };
		10338CD92CBB489800A166C3 /* UIApplication.swift */ = {isa = PBXFileReference; lastKnownFileType = sourcecode.swift; path = UIApplication.swift; sourceTree = "<group>"; };
		109FA48D2E38BF98000D841C /* GoogleService-Info.plist */ = {isa = PBXFileReference; lastKnownFileType = text.plist.xml; path = "GoogleService-Info.plist"; sourceTree = "<group>"; };
		109FA48F2E38BFA6000D841C /* FirstLaunchView.swift */ = {isa = PBXFileReference; lastKnownFileType = sourcecode.swift; path = FirstLaunchView.swift; sourceTree = "<group>"; };
		109FA4C22E38BFBC000D841C /* LaunchScreen.storyboard */ = {isa = PBXFileReference; lastKnownFileType = file.storyboard; path = LaunchScreen.storyboard; sourceTree = "<group>"; };
		109FA4C72E38C01A000D841C /* Localizable.xcstrings */ = {isa = PBXFileReference; lastKnownFileType = text.json.xcstrings; path = Localizable.xcstrings; sourceTree = "<group>"; };
		10D6C2932CBA7DC000F8A5D4 /* InstantNX.app */ = {isa = PBXFileReference; explicitFileType = wrapper.application; includeInIndex = 0; path = InstantNX.app; sourceTree = BUILT_PRODUCTS_DIR; };
		10D6C2962CBA7DC000F8A5D4 /* mainApp.swift */ = {isa = PBXFileReference; lastKnownFileType = sourcecode.swift; path = mainApp.swift; sourceTree = "<group>"; };
		10D6C2982CBA7DC000F8A5D4 /* ContentView.swift */ = {isa = PBXFileReference; lastKnownFileType = sourcecode.swift; path = ContentView.swift; sourceTree = "<group>"; };
		10D6C29D2CBA7DC100F8A5D4 /* Preview Assets.xcassets */ = {isa = PBXFileReference; lastKnownFileType = folder.assetcatalog; path = "Preview Assets.xcassets"; sourceTree = "<group>"; };
		10D6C2A32CBA7DC100F8A5D4 /* InstantNXTests.xctest */ = {isa = PBXFileReference; explicitFileType = wrapper.cfbundle; includeInIndex = 0; path = InstantNXTests.xctest; sourceTree = BUILT_PRODUCTS_DIR; };
		10D6C2A72CBA7DC100F8A5D4 /* InstantNXTests.swift */ = {isa = PBXFileReference; lastKnownFileType = sourcecode.swift; path = InstantNXTests.swift; sourceTree = "<group>"; };
		10D6C2AD2CBA7DC100F8A5D4 /* InstantNXUITests.xctest */ = {isa = PBXFileReference; explicitFileType = wrapper.cfbundle; includeInIndex = 0; path = InstantNXUITests.xctest; sourceTree = BUILT_PRODUCTS_DIR; };
		10D6C2B12CBA7DC100F8A5D4 /* InstantNXUITests.swift */ = {isa = PBXFileReference; lastKnownFileType = sourcecode.swift; path = InstantNXUITests.swift; sourceTree = "<group>"; };
		10D6C2B32CBA7DC100F8A5D4 /* InstantNXUITestsLaunchTests.swift */ = {isa = PBXFileReference; lastKnownFileType = sourcecode.swift; path = InstantNXUITestsLaunchTests.swift; sourceTree = "<group>"; };
		10D6C2C02CBA825E00F8A5D4 /* Assets.xcassets */ = {isa = PBXFileReference; lastKnownFileType = folder.assetcatalog; path = Assets.xcassets; sourceTree = "<group>"; };
		10D6C2C32CBA855D00F8A5D4 /* InstantNX.entitlements */ = {isa = PBXFileReference; lastKnownFileType = text.plist.entitlements; path = InstantNX.entitlements; sourceTree = "<group>"; };
		10DCB1BF2E3B9C9D00D360DF /* NXStatus.swift */ = {isa = PBXFileReference; lastKnownFileType = sourcecode.swift; path = NXStatus.swift; sourceTree = "<group>"; };
		10E954612E38C7CE00AC7B28 /* NXClient.swift */ = {isa = PBXFileReference; lastKnownFileType = sourcecode.swift; path = NXClient.swift; sourceTree = "<group>"; };
		10E954632E38D06800AC7B28 /* GalleryView.swift */ = {isa = PBXFileReference; lastKnownFileType = sourcecode.swift; path = GalleryView.swift; sourceTree = "<group>"; };
		10E954952E38E1DB00AC7B28 /* QRScanView.swift */ = {isa = PBXFileReference; lastKnownFileType = sourcecode.swift; path = QRScanView.swift; sourceTree = "<group>"; };
		10E954972E39046300AC7B28 /* ActivityView.swift */ = {isa = PBXFileReference; lastKnownFileType = sourcecode.swift; path = ActivityView.swift; sourceTree = "<group>"; };
		10E9549A2E390C3200AC7B28 /* NXAction.swift */ = {isa = PBXFileReference; lastKnownFileType = sourcecode.swift; path = NXAction.swift; sourceTree = "<group>"; };
/* End PBXFileReference section */

/* Begin PBXFrameworksBuildPhase section */
		10D6C2902CBA7DC000F8A5D4 /* Frameworks */ = {
			isa = PBXFrameworksBuildPhase;
			buildActionMask = 2147483647;
			files = (
				10907BE42E55971D00CE4BC4 /* FirebaseMessaging in Frameworks */,
				10907BEA2E55978300CE4BC4 /* FirebaseAppCheck in Frameworks */,
				10338CCF2CBAD77100A166C3 /* Alamofire in Frameworks */,
				10907BE22E55971400CE4BC4 /* FirebaseCore in Frameworks */,
				10338CC72CBACDA500A166C3 /* SDWebImageSwiftUI in Frameworks */,
				109FA48A2E38BF49000D841C /* FirebaseAnalyticsIdentitySupport in Frameworks */,
				109FA48C2E38BF49000D841C /* FirebaseCrashlytics in Frameworks */,
				10907BDE2E55970600CE4BC4 /* FirebaseAnalytics in Frameworks */,
				10907BE02E55970E00CE4BC4 /* FirebaseAnalyticsCore in Frameworks */,
				109FA4882E38BF49000D841C /* FirebaseAnalyticsCore in Frameworks */,
				10907BE82E55972900CE4BC4 /* FirebaseRemoteConfig in Frameworks */,
				10907BE62E55972300CE4BC4 /* FirebasePerformance in Frameworks */,
				1024F1792E3A5E0000BC07C8 /* QuantumLeap in Frameworks */,
				109FA4862E38BF49000D841C /* FirebaseAnalytics in Frameworks */,
				10338CBA2CBAA69000A166C3 /* CodeScanner in Frameworks */,
				10DCB15A2E3A834300D360DF /* AlertToast in Frameworks */,
				10E954922E38D9E400AC7B28 /* BetterSafariView in Frameworks */,
			);
			runOnlyForDeploymentPostprocessing = 0;
		};
		10D6C2A02CBA7DC100F8A5D4 /* Frameworks */ = {
			isa = PBXFrameworksBuildPhase;
			buildActionMask = 2147483647;
			files = (
			);
			runOnlyForDeploymentPostprocessing = 0;
		};
		10D6C2AA2CBA7DC100F8A5D4 /* Frameworks */ = {
			isa = PBXFrameworksBuildPhase;
			buildActionMask = 2147483647;
			files = (
			);
			runOnlyForDeploymentPostprocessing = 0;
		};
/* End PBXFrameworksBuildPhase section */

/* Begin PBXGroup section */
		10338CBB2CBAB7AC00A166C3 /* Extensions */ = {
			isa = PBXGroup;
			children = (
				10338CD92CBB489800A166C3 /* UIApplication.swift */,
				10338CBC2CBAB7DD00A166C3 /* String.swift */,
			);
			path = Extensions;
			sourceTree = "<group>";
		};
		10338CC42CBACC7800A166C3 /* Views */ = {
			isa = PBXGroup;
			children = (
				10E954972E39046300AC7B28 /* ActivityView.swift */,
				109FA48F2E38BFA6000D841C /* FirstLaunchView.swift */,
				10E954952E38E1DB00AC7B28 /* QRScanView.swift */,
				10338CD32CBB420A00A166C3 /* SettingsView.swift */,
				10E954632E38D06800AC7B28 /* GalleryView.swift */,
			);
			path = Views;
			sourceTree = "<group>";
		};
		10338CC82CBACDE800A166C3 /* Utils */ = {
			isa = PBXGroup;
			children = (
				10338CD72CBB46BB00A166C3 /* NSShareItem.swift */,
				10338CD52CBB422D00A166C3 /* NSConfig.swift */,
				10E954612E38C7CE00AC7B28 /* NXClient.swift */,
			);
			path = Utils;
			sourceTree = "<group>";
		};
		10907BDC2E55970600CE4BC4 /* Frameworks */ = {
			isa = PBXGroup;
			children = (
			);
			name = Frameworks;
			sourceTree = "<group>";
		};
		10D6C28A2CBA7DC000F8A5D4 = {
			isa = PBXGroup;
			children = (
				10D6C2952CBA7DC000F8A5D4 /* InstantNX */,
				10D6C2A62CBA7DC100F8A5D4 /* InstantNXTests */,
				10D6C2B02CBA7DC100F8A5D4 /* InstantNXUITests */,
				10907BDC2E55970600CE4BC4 /* Frameworks */,
				10D6C2942CBA7DC000F8A5D4 /* Products */,
			);
			sourceTree = "<group>";
		};
		10D6C2942CBA7DC000F8A5D4 /* Products */ = {
			isa = PBXGroup;
			children = (
				10D6C2932CBA7DC000F8A5D4 /* InstantNX.app */,
				10D6C2A32CBA7DC100F8A5D4 /* InstantNXTests.xctest */,
				10D6C2AD2CBA7DC100F8A5D4 /* InstantNXUITests.xctest */,
			);
			name = Products;
			sourceTree = "<group>";
		};
		10D6C2952CBA7DC000F8A5D4 /* InstantNX */ = {
			isa = PBXGroup;
			children = (
				10E954992E390C2A00AC7B28 /* Enums */,
				10338CC42CBACC7800A166C3 /* Views */,
				10338CC82CBACDE800A166C3 /* Utils */,
				10338CBB2CBAB7AC00A166C3 /* Extensions */,
				10D6C2C32CBA855D00F8A5D4 /* InstantNX.entitlements */,
				10D6C2962CBA7DC000F8A5D4 /* mainApp.swift */,
				10D6C2982CBA7DC000F8A5D4 /* ContentView.swift */,
				109FA4C22E38BFBC000D841C /* LaunchScreen.storyboard */,
				1024F1AD2E3A6AB400BC07C8 /* InfoPlist.strings */,
				109FA48D2E38BF98000D841C /* GoogleService-Info.plist */,
				10338CBE2CBAC12000A166C3 /* Info.plist */,
				109FA4C72E38C01A000D841C /* Localizable.xcstrings */,
				10D6C2C02CBA825E00F8A5D4 /* Assets.xcassets */,
				10D6C29C2CBA7DC100F8A5D4 /* Preview Content */,
			);
			path = InstantNX;
			sourceTree = "<group>";
		};
		10D6C29C2CBA7DC100F8A5D4 /* Preview Content */ = {
			isa = PBXGroup;
			children = (
				10D6C29D2CBA7DC100F8A5D4 /* Preview Assets.xcassets */,
			);
			path = "Preview Content";
			sourceTree = "<group>";
		};
		10D6C2A62CBA7DC100F8A5D4 /* InstantNXTests */ = {
			isa = PBXGroup;
			children = (
				10D6C2A72CBA7DC100F8A5D4 /* InstantNXTests.swift */,
			);
			path = InstantNXTests;
			sourceTree = "<group>";
		};
		10D6C2B02CBA7DC100F8A5D4 /* InstantNXUITests */ = {
			isa = PBXGroup;
			children = (
				10D6C2B12CBA7DC100F8A5D4 /* InstantNXUITests.swift */,
				10D6C2B32CBA7DC100F8A5D4 /* InstantNXUITestsLaunchTests.swift */,
			);
			path = InstantNXUITests;
			sourceTree = "<group>";
		};
		10E954992E390C2A00AC7B28 /* Enums */ = {
			isa = PBXGroup;
			children = (
				10DCB1BF2E3B9C9D00D360DF /* NXStatus.swift */,
				10E9549A2E390C3200AC7B28 /* NXAction.swift */,
			);
			path = Enums;
			sourceTree = "<group>";
		};
/* End PBXGroup section */

/* Begin PBXNativeTarget section */
		10D6C2922CBA7DC000F8A5D4 /* InstantNX */ = {
			isa = PBXNativeTarget;
			buildConfigurationList = 10D6C2B72CBA7DC100F8A5D4 /* Build configuration list for PBXNativeTarget "InstantNX" */;
			buildPhases = (
				10D6C28F2CBA7DC000F8A5D4 /* Sources */,
				10D6C2902CBA7DC000F8A5D4 /* Frameworks */,
				10D6C2912CBA7DC000F8A5D4 /* Resources */,
			);
			buildRules = (
			);
			dependencies = (
			);
			name = InstantNX;
			productName = InstantNX;
			productReference = 10D6C2932CBA7DC000F8A5D4 /* InstantNX.app */;
			productType = "com.apple.product-type.application";
		};
		10D6C2A22CBA7DC100F8A5D4 /* InstantNXTests */ = {
			isa = PBXNativeTarget;
			buildConfigurationList = 10D6C2BA2CBA7DC100F8A5D4 /* Build configuration list for PBXNativeTarget "InstantNXTests" */;
			buildPhases = (
				10D6C29F2CBA7DC100F8A5D4 /* Sources */,
				10D6C2A02CBA7DC100F8A5D4 /* Frameworks */,
				10D6C2A12CBA7DC100F8A5D4 /* Resources */,
			);
			buildRules = (
			);
			dependencies = (
				10D6C2A52CBA7DC100F8A5D4 /* PBXTargetDependency */,
			);
			name = InstantNXTests;
			productName = InstantNXTests;
			productReference = 10D6C2A32CBA7DC100F8A5D4 /* InstantNXTests.xctest */;
			productType = "com.apple.product-type.bundle.unit-test";
		};
		10D6C2AC2CBA7DC100F8A5D4 /* InstantNXUITests */ = {
			isa = PBXNativeTarget;
			buildConfigurationList = 10D6C2BD2CBA7DC100F8A5D4 /* Build configuration list for PBXNativeTarget "InstantNXUITests" */;
			buildPhases = (
				10D6C2A92CBA7DC100F8A5D4 /* Sources */,
				10D6C2AA2CBA7DC100F8A5D4 /* Frameworks */,
				10D6C2AB2CBA7DC100F8A5D4 /* Resources */,
			);
			buildRules = (
			);
			dependencies = (
				10D6C2AF2CBA7DC100F8A5D4 /* PBXTargetDependency */,
			);
			name = InstantNXUITests;
			productName = InstantNXUITests;
			productReference = 10D6C2AD2CBA7DC100F8A5D4 /* InstantNXUITests.xctest */;
			productType = "com.apple.product-type.bundle.ui-testing";
		};
/* End PBXNativeTarget section */

/* Begin PBXProject section */
		10D6C28B2CBA7DC000F8A5D4 /* Project object */ = {
			isa = PBXProject;
			attributes = {
				BuildIndependentTargetsInParallel = 1;
				LastSwiftUpdateCheck = 1540;
				LastUpgradeCheck = 1600;
				ORGANIZATIONNAME = "Magi, Corporation";
				TargetAttributes = {
					10D6C2922CBA7DC000F8A5D4 = {
						CreatedOnToolsVersion = 15.4;
					};
					10D6C2A22CBA7DC100F8A5D4 = {
						CreatedOnToolsVersion = 15.4;
						TestTargetID = 10D6C2922CBA7DC000F8A5D4;
					};
					10D6C2AC2CBA7DC100F8A5D4 = {
						CreatedOnToolsVersion = 15.4;
						TestTargetID = 10D6C2922CBA7DC000F8A5D4;
					};
				};
			};
			buildConfigurationList = 10D6C28E2CBA7DC000F8A5D4 /* Build configuration list for PBXProject "InstantNX" */;
			developmentRegion = en;
			hasScannedForEncodings = 0;
			knownRegions = (
				en,
				Base,
				ja,
			);
			mainGroup = 10D6C28A2CBA7DC000F8A5D4;
			packageReferences = (
				10338CB82CBAA69000A166C3 /* XCRemoteSwiftPackageReference "CodeScanner" */,
				10338CC52CBACDA500A166C3 /* XCRemoteSwiftPackageReference "SDWebImageSwiftUI" */,
				10338CCD2CBAD77100A166C3 /* XCRemoteSwiftPackageReference "Alamofire" */,
				109FA4842E38BF49000D841C /* XCRemoteSwiftPackageReference "firebase-ios-sdk" */,
				1024F1772E3A5E0000BC07C8 /* XCRemoteSwiftPackageReference "QuantumLeap" */,
				10DCB1582E3A834300D360DF /* XCRemoteSwiftPackageReference "AlertToast" */,
			);
			preferredProjectObjectVersion = 77;
			productRefGroup = 10D6C2942CBA7DC000F8A5D4 /* Products */;
			projectDirPath = "";
			projectRoot = "";
			targets = (
				10D6C2922CBA7DC000F8A5D4 /* InstantNX */,
				10D6C2A22CBA7DC100F8A5D4 /* InstantNXTests */,
				10D6C2AC2CBA7DC100F8A5D4 /* InstantNXUITests */,
			);
		};
/* End PBXProject section */

/* Begin PBXResourcesBuildPhase section */
		10D6C2912CBA7DC000F8A5D4 /* Resources */ = {
			isa = PBXResourcesBuildPhase;
			buildActionMask = 2147483647;
			files = (
				10D6C2C12CBA825E00F8A5D4 /* Assets.xcassets in Resources */,
				1024F1AE2E3A6AB400BC07C8 /* InfoPlist.strings in Resources */,
				109FA4C82E38C01A000D841C /* Localizable.xcstrings in Resources */,
				109FA4C32E38BFBC000D841C /* LaunchScreen.storyboard in Resources */,
				10D6C29E2CBA7DC100F8A5D4 /* Preview Assets.xcassets in Resources */,
				109FA48E2E38BF98000D841C /* GoogleService-Info.plist in Resources */,
			);
			runOnlyForDeploymentPostprocessing = 0;
		};
		10D6C2A12CBA7DC100F8A5D4 /* Resources */ = {
			isa = PBXResourcesBuildPhase;
			buildActionMask = 2147483647;
			files = (
			);
			runOnlyForDeploymentPostprocessing = 0;
		};
		10D6C2AB2CBA7DC100F8A5D4 /* Resources */ = {
			isa = PBXResourcesBuildPhase;
			buildActionMask = 2147483647;
			files = (
			);
			runOnlyForDeploymentPostprocessing = 0;
		};
/* End PBXResourcesBuildPhase section */

/* Begin PBXSourcesBuildPhase section */
		10D6C28F2CBA7DC000F8A5D4 /* Sources */ = {
			isa = PBXSourcesBuildPhase;
			buildActionMask = 2147483647;
			files = (
				10338CDA2CBB489B00A166C3 /* UIApplication.swift in Sources */,
				10338CD82CBB46BE00A166C3 /* NSShareItem.swift in Sources */,
				10E954982E39046700AC7B28 /* ActivityView.swift in Sources */,
				10338CBD2CBAB7DE00A166C3 /* String.swift in Sources */,
				10D6C2992CBA7DC000F8A5D4 /* ContentView.swift in Sources */,
				109FA4902E38BFAB000D841C /* FirstLaunchView.swift in Sources */,
				10D6C2972CBA7DC000F8A5D4 /* mainApp.swift in Sources */,
				10338CD42CBB420E00A166C3 /* SettingsView.swift in Sources */,
				10DCB1C02E3B9CA000D360DF /* NXStatus.swift in Sources */,
				10E954642E38D06800AC7B28 /* GalleryView.swift in Sources */,
				10338CD62CBB423000A166C3 /* NSConfig.swift in Sources */,
				10E9549B2E390C3A00AC7B28 /* NXAction.swift in Sources */,
				10E954962E38E1DF00AC7B28 /* QRScanView.swift in Sources */,
				10E954622E38C7CE00AC7B28 /* NXClient.swift in Sources */,
			);
			runOnlyForDeploymentPostprocessing = 0;
		};
		10D6C29F2CBA7DC100F8A5D4 /* Sources */ = {
			isa = PBXSourcesBuildPhase;
			buildActionMask = 2147483647;
			files = (
				10D6C2A82CBA7DC100F8A5D4 /* InstantNXTests.swift in Sources */,
			);
			runOnlyForDeploymentPostprocessing = 0;
		};
		10D6C2A92CBA7DC100F8A5D4 /* Sources */ = {
			isa = PBXSourcesBuildPhase;
			buildActionMask = 2147483647;
			files = (
				10D6C2B42CBA7DC100F8A5D4 /* InstantNXUITestsLaunchTests.swift in Sources */,
				10D6C2B22CBA7DC100F8A5D4 /* InstantNXUITests.swift in Sources */,
			);
			runOnlyForDeploymentPostprocessing = 0;
		};
/* End PBXSourcesBuildPhase section */

/* Begin PBXTargetDependency section */
		10D6C2A52CBA7DC100F8A5D4 /* PBXTargetDependency */ = {
			isa = PBXTargetDependency;
			target = 10D6C2922CBA7DC000F8A5D4 /* InstantNX */;
			targetProxy = 10D6C2A42CBA7DC100F8A5D4 /* PBXContainerItemProxy */;
		};
		10D6C2AF2CBA7DC100F8A5D4 /* PBXTargetDependency */ = {
			isa = PBXTargetDependency;
			target = 10D6C2922CBA7DC000F8A5D4 /* InstantNX */;
			targetProxy = 10D6C2AE2CBA7DC100F8A5D4 /* PBXContainerItemProxy */;
		};
/* End PBXTargetDependency section */

/* Begin PBXVariantGroup section */
		1024F1AD2E3A6AB400BC07C8 /* InfoPlist.strings */ = {
			isa = PBXVariantGroup;
			children = (
				1024F1AB2E3A6AB400BC07C8 /* InfoPlist.strings */,
				1024F1AC2E3A6AB400BC07C8 /* InfoPlist.strings */,
			);
			name = InfoPlist.strings;
			sourceTree = "<group>";
		};
/* End PBXVariantGroup section */

/* Begin XCBuildConfiguration section */
		10D6C2B52CBA7DC100F8A5D4 /* Debug */ = {
			isa = XCBuildConfiguration;
			buildSettings = {
				ALWAYS_SEARCH_USER_PATHS = NO;
				ASSETCATALOG_COMPILER_GENERATE_SWIFT_ASSET_SYMBOL_EXTENSIONS = YES;
				CLANG_ANALYZER_NONNULL = YES;
				CLANG_ANALYZER_NUMBER_OBJECT_CONVERSION = YES_AGGRESSIVE;
				CLANG_CXX_LANGUAGE_STANDARD = "gnu++20";
				CLANG_ENABLE_MODULES = YES;
				CLANG_ENABLE_OBJC_ARC = YES;
				CLANG_ENABLE_OBJC_WEAK = YES;
				CLANG_WARN_BLOCK_CAPTURE_AUTORELEASING = YES;
				CLANG_WARN_BOOL_CONVERSION = YES;
				CLANG_WARN_COMMA = YES;
				CLANG_WARN_CONSTANT_CONVERSION = YES;
				CLANG_WARN_DEPRECATED_OBJC_IMPLEMENTATIONS = YES;
				CLANG_WARN_DIRECT_OBJC_ISA_USAGE = YES_ERROR;
				CLANG_WARN_DOCUMENTATION_COMMENTS = YES;
				CLANG_WARN_EMPTY_BODY = YES;
				CLANG_WARN_ENUM_CONVERSION = YES;
				CLANG_WARN_INFINITE_RECURSION = YES;
				CLANG_WARN_INT_CONVERSION = YES;
				CLANG_WARN_NON_LITERAL_NULL_CONVERSION = YES;
				CLANG_WARN_OBJC_IMPLICIT_RETAIN_SELF = YES;
				CLANG_WARN_OBJC_LITERAL_CONVERSION = YES;
				CLANG_WARN_OBJC_ROOT_CLASS = YES_ERROR;
				CLANG_WARN_QUOTED_INCLUDE_IN_FRAMEWORK_HEADER = YES;
				CLANG_WARN_RANGE_LOOP_ANALYSIS = YES;
				CLANG_WARN_STRICT_PROTOTYPES = YES;
				CLANG_WARN_SUSPICIOUS_MOVE = YES;
				CLANG_WARN_UNGUARDED_AVAILABILITY = YES_AGGRESSIVE;
				CLANG_WARN_UNREACHABLE_CODE = YES;
				CLANG_WARN__DUPLICATE_METHOD_MATCH = YES;
				COPY_PHASE_STRIP = NO;
				DEBUG_INFORMATION_FORMAT = dwarf;
				ENABLE_STRICT_OBJC_MSGSEND = YES;
				ENABLE_TESTABILITY = YES;
				ENABLE_USER_SCRIPT_SANDBOXING = YES;
				GCC_C_LANGUAGE_STANDARD = gnu17;
				GCC_DYNAMIC_NO_PIC = NO;
				GCC_NO_COMMON_BLOCKS = YES;
				GCC_OPTIMIZATION_LEVEL = 0;
				GCC_PREPROCESSOR_DEFINITIONS = (
					"DEBUG=1",
					"$(inherited)",
				);
				GCC_WARN_64_TO_32_BIT_CONVERSION = YES;
				GCC_WARN_ABOUT_RETURN_TYPE = YES_ERROR;
				GCC_WARN_UNDECLARED_SELECTOR = YES;
				GCC_WARN_UNINITIALIZED_AUTOS = YES_AGGRESSIVE;
				GCC_WARN_UNUSED_FUNCTION = YES;
				GCC_WARN_UNUSED_VARIABLE = YES;
				IPHONEOS_DEPLOYMENT_TARGET = 17.5;
				LOCALIZATION_PREFERS_STRING_CATALOGS = YES;
				MTL_ENABLE_DEBUG_INFO = INCLUDE_SOURCE;
				MTL_FAST_MATH = YES;
				ONLY_ACTIVE_ARCH = YES;
				SDKROOT = iphoneos;
				SWIFT_ACTIVE_COMPILATION_CONDITIONS = "DEBUG $(inherited)";
				SWIFT_EMIT_LOC_STRINGS = YES;
				SWIFT_OPTIMIZATION_LEVEL = "-Onone";
			};
			name = Debug;
		};
		10D6C2B62CBA7DC100F8A5D4 /* Release */ = {
			isa = XCBuildConfiguration;
			buildSettings = {
				ALWAYS_SEARCH_USER_PATHS = NO;
				ASSETCATALOG_COMPILER_GENERATE_SWIFT_ASSET_SYMBOL_EXTENSIONS = YES;
				CLANG_ANALYZER_NONNULL = YES;
				CLANG_ANALYZER_NUMBER_OBJECT_CONVERSION = YES_AGGRESSIVE;
				CLANG_CXX_LANGUAGE_STANDARD = "gnu++20";
				CLANG_ENABLE_MODULES = YES;
				CLANG_ENABLE_OBJC_ARC = YES;
				CLANG_ENABLE_OBJC_WEAK = YES;
				CLANG_WARN_BLOCK_CAPTURE_AUTORELEASING = YES;
				CLANG_WARN_BOOL_CONVERSION = YES;
				CLANG_WARN_COMMA = YES;
				CLANG_WARN_CONSTANT_CONVERSION = YES;
				CLANG_WARN_DEPRECATED_OBJC_IMPLEMENTATIONS = YES;
				CLANG_WARN_DIRECT_OBJC_ISA_USAGE = YES_ERROR;
				CLANG_WARN_DOCUMENTATION_COMMENTS = YES;
				CLANG_WARN_EMPTY_BODY = YES;
				CLANG_WARN_ENUM_CONVERSION = YES;
				CLANG_WARN_INFINITE_RECURSION = YES;
				CLANG_WARN_INT_CONVERSION = YES;
				CLANG_WARN_NON_LITERAL_NULL_CONVERSION = YES;
				CLANG_WARN_OBJC_IMPLICIT_RETAIN_SELF = YES;
				CLANG_WARN_OBJC_LITERAL_CONVERSION = YES;
				CLANG_WARN_OBJC_ROOT_CLASS = YES_ERROR;
				CLANG_WARN_QUOTED_INCLUDE_IN_FRAMEWORK_HEADER = YES;
				CLANG_WARN_RANGE_LOOP_ANALYSIS = YES;
				CLANG_WARN_STRICT_PROTOTYPES = YES;
				CLANG_WARN_SUSPICIOUS_MOVE = YES;
				CLANG_WARN_UNGUARDED_AVAILABILITY = YES_AGGRESSIVE;
				CLANG_WARN_UNREACHABLE_CODE = YES;
				CLANG_WARN__DUPLICATE_METHOD_MATCH = YES;
				COPY_PHASE_STRIP = NO;
				DEBUG_INFORMATION_FORMAT = "dwarf-with-dsym";
				ENABLE_NS_ASSERTIONS = NO;
				ENABLE_STRICT_OBJC_MSGSEND = YES;
				ENABLE_USER_SCRIPT_SANDBOXING = YES;
				GCC_C_LANGUAGE_STANDARD = gnu17;
				GCC_NO_COMMON_BLOCKS = YES;
				GCC_WARN_64_TO_32_BIT_CONVERSION = YES;
				GCC_WARN_ABOUT_RETURN_TYPE = YES_ERROR;
				GCC_WARN_UNDECLARED_SELECTOR = YES;
				GCC_WARN_UNINITIALIZED_AUTOS = YES_AGGRESSIVE;
				GCC_WARN_UNUSED_FUNCTION = YES;
				GCC_WARN_UNUSED_VARIABLE = YES;
				IPHONEOS_DEPLOYMENT_TARGET = 17.5;
				LOCALIZATION_PREFERS_STRING_CATALOGS = YES;
				MTL_ENABLE_DEBUG_INFO = NO;
				MTL_FAST_MATH = YES;
				SDKROOT = iphoneos;
				SWIFT_COMPILATION_MODE = wholemodule;
				SWIFT_EMIT_LOC_STRINGS = YES;
				VALIDATE_PRODUCT = YES;
			};
			name = Release;
		};
		10D6C2B82CBA7DC100F8A5D4 /* Debug */ = {
			isa = XCBuildConfiguration;
			buildSettings = {
				ASSETCATALOG_COMPILER_APPICON_NAME = AppIcon;
				ASSETCATALOG_COMPILER_GLOBAL_ACCENT_COLOR_NAME = AccentColor;
				CODE_SIGN_ENTITLEMENTS = InstantNX/InstantNX.entitlements;
				CODE_SIGN_STYLE = Automatic;
				CURRENT_PROJECT_VERSION = 2;
				DEVELOPMENT_ASSET_PATHS = "\"InstantNX/Preview Content\"";
				DEVELOPMENT_TEAM = 5Q94QJ7G98;
				ENABLE_PREVIEWS = YES;
				GENERATE_INFOPLIST_FILE = YES;
				INFOPLIST_FILE = InstantNX/Info.plist;
				INFOPLIST_KEY_CFBundleDisplayName = "Instant NX";
				INFOPLIST_KEY_ITSAppUsesNonExemptEncryption = NO;
				INFOPLIST_KEY_LSApplicationCategoryType = "public.app-category.utilities";
				INFOPLIST_KEY_NSAppleMusicUsageDescription = NSMediaLibraryUsageDescription;
				INFOPLIST_KEY_NSCameraUsageDescription = NSCameraUsageDescription;
				INFOPLIST_KEY_NSLocalNetworkUsageDescription = NSLocalNetworkUsageDescription;
				INFOPLIST_KEY_NSLocationWhenInUseUsageDescription = NSLocationWhenInUseUsageDescription;
				INFOPLIST_KEY_NSPhotoLibraryAddUsageDescription = NSPhotoLibraryAdditionsUsageDescription;
				INFOPLIST_KEY_NSPhotoLibraryUsageDescription = NSPhotoLibraryUsageDescription;
				INFOPLIST_KEY_UIApplicationSceneManifest_Generation = YES;
				INFOPLIST_KEY_UIApplicationSupportsIndirectInputEvents = YES;
				INFOPLIST_KEY_UILaunchScreen_Generation = YES;
				INFOPLIST_KEY_UISupportedInterfaceOrientations = UIInterfaceOrientationPortrait;
				INFOPLIST_KEY_UISupportedInterfaceOrientations_iPad = "UIInterfaceOrientationLandscapeLeft UIInterfaceOrientationLandscapeRight UIInterfaceOrientationPortrait UIInterfaceOrientationPortraitUpsideDown";
				IPHONEOS_DEPLOYMENT_TARGET = 16.0;
				LD_RUNPATH_SEARCH_PATHS = (
					"$(inherited)",
					"@executable_path/Frameworks",
				);
				MARKETING_VERSION = 1.0.2;
				OTHER_LDFLAGS = "-ObjC";
				PRODUCT_BUNDLE_IDENTIFIER = "jp.qleap.instant-nx";
				PRODUCT_NAME = "$(TARGET_NAME)";
				SUPPORTED_PLATFORMS = "iphoneos iphonesimulator";
				SUPPORTS_MACCATALYST = NO;
				SUPPORTS_MAC_DESIGNED_FOR_IPHONE_IPAD = NO;
				SUPPORTS_XR_DESIGNED_FOR_IPHONE_IPAD = NO;
				SWIFT_EMIT_LOC_STRINGS = YES;
				SWIFT_VERSION = 5.0;
				TARGETED_DEVICE_FAMILY = "1,2";
			};
			name = Debug;
		};
		10D6C2B92CBA7DC100F8A5D4 /* Release */ = {
			isa = XCBuildConfiguration;
			buildSettings = {
				ASSETCATALOG_COMPILER_APPICON_NAME = AppIcon;
				ASSETCATALOG_COMPILER_GLOBAL_ACCENT_COLOR_NAME = AccentColor;
				CODE_SIGN_ENTITLEMENTS = InstantNX/InstantNX.entitlements;
				CODE_SIGN_STYLE = Automatic;
				CURRENT_PROJECT_VERSION = 2;
				DEVELOPMENT_ASSET_PATHS = "\"InstantNX/Preview Content\"";
				DEVELOPMENT_TEAM = 5Q94QJ7G98;
				ENABLE_PREVIEWS = YES;
				GENERATE_INFOPLIST_FILE = YES;
				INFOPLIST_FILE = InstantNX/Info.plist;
				INFOPLIST_KEY_CFBundleDisplayName = "Instant NX";
				INFOPLIST_KEY_ITSAppUsesNonExemptEncryption = NO;
				INFOPLIST_KEY_LSApplicationCategoryType = "public.app-category.utilities";
				INFOPLIST_KEY_NSAppleMusicUsageDescription = NSMediaLibraryUsageDescription;
				INFOPLIST_KEY_NSCameraUsageDescription = NSCameraUsageDescription;
				INFOPLIST_KEY_NSLocalNetworkUsageDescription = NSLocalNetworkUsageDescription;
				INFOPLIST_KEY_NSLocationWhenInUseUsageDescription = NSLocationWhenInUseUsageDescription;
				INFOPLIST_KEY_NSPhotoLibraryAddUsageDescription = NSPhotoLibraryAdditionsUsageDescription;
				INFOPLIST_KEY_NSPhotoLibraryUsageDescription = NSPhotoLibraryUsageDescription;
				INFOPLIST_KEY_UIApplicationSceneManifest_Generation = YES;
				INFOPLIST_KEY_UIApplicationSupportsIndirectInputEvents = YES;
				INFOPLIST_KEY_UILaunchScreen_Generation = YES;
				INFOPLIST_KEY_UISupportedInterfaceOrientations = UIInterfaceOrientationPortrait;
				INFOPLIST_KEY_UISupportedInterfaceOrientations_iPad = "UIInterfaceOrientationLandscapeLeft UIInterfaceOrientationLandscapeRight UIInterfaceOrientationPortrait UIInterfaceOrientationPortraitUpsideDown";
				IPHONEOS_DEPLOYMENT_TARGET = 16.0;
				LD_RUNPATH_SEARCH_PATHS = (
					"$(inherited)",
					"@executable_path/Frameworks",
				);
				MARKETING_VERSION = 1.0.2;
				OTHER_LDFLAGS = "-ObjC";
				PRODUCT_BUNDLE_IDENTIFIER = "jp.qleap.instant-nx";
				PRODUCT_NAME = "$(TARGET_NAME)";
				SUPPORTED_PLATFORMS = "iphoneos iphonesimulator";
				SUPPORTS_MACCATALYST = NO;
				SUPPORTS_MAC_DESIGNED_FOR_IPHONE_IPAD = NO;
				SUPPORTS_XR_DESIGNED_FOR_IPHONE_IPAD = NO;
				SWIFT_EMIT_LOC_STRINGS = YES;
				SWIFT_VERSION = 5.0;
				TARGETED_DEVICE_FAMILY = "1,2";
			};
			name = Release;
		};
		10D6C2BB2CBA7DC100F8A5D4 /* Debug */ = {
			isa = XCBuildConfiguration;
			buildSettings = {
				BUNDLE_LOADER = "$(TEST_HOST)";
				CODE_SIGN_STYLE = Automatic;
				CURRENT_PROJECT_VERSION = 2;
				DEVELOPMENT_TEAM = D9HU6JZF2Q;
				GENERATE_INFOPLIST_FILE = YES;
				IPHONEOS_DEPLOYMENT_TARGET = 17.5;
				MARKETING_VERSION = 1.0;
				PRODUCT_BUNDLE_IDENTIFIER = work.tkgstrator.InstantNXTests;
				PRODUCT_NAME = "$(TARGET_NAME)";
				SWIFT_EMIT_LOC_STRINGS = NO;
				SWIFT_VERSION = 5.0;
				TARGETED_DEVICE_FAMILY = "1,2";
				TEST_HOST = "$(BUILT_PRODUCTS_DIR)/InstantNX.app/$(BUNDLE_EXECUTABLE_FOLDER_PATH)/InstantNX";
			};
			name = Debug;
		};
		10D6C2BC2CBA7DC100F8A5D4 /* Release */ = {
			isa = XCBuildConfiguration;
			buildSettings = {
				BUNDLE_LOADER = "$(TEST_HOST)";
				CODE_SIGN_STYLE = Automatic;
				CURRENT_PROJECT_VERSION = 2;
				DEVELOPMENT_TEAM = D9HU6JZF2Q;
				GENERATE_INFOPLIST_FILE = YES;
				IPHONEOS_DEPLOYMENT_TARGET = 17.5;
				MARKETING_VERSION = 1.0;
				PRODUCT_BUNDLE_IDENTIFIER = work.tkgstrator.InstantNXTests;
				PRODUCT_NAME = "$(TARGET_NAME)";
				SWIFT_EMIT_LOC_STRINGS = NO;
				SWIFT_VERSION = 5.0;
				TARGETED_DEVICE_FAMILY = "1,2";
				TEST_HOST = "$(BUILT_PRODUCTS_DIR)/InstantNX.app/$(BUNDLE_EXECUTABLE_FOLDER_PATH)/InstantNX";
			};
			name = Release;
		};
		10D6C2BE2CBA7DC100F8A5D4 /* Debug */ = {
			isa = XCBuildConfiguration;
			buildSettings = {
				CODE_SIGN_STYLE = Automatic;
				CURRENT_PROJECT_VERSION = 2;
				DEVELOPMENT_TEAM = D9HU6JZF2Q;
				GENERATE_INFOPLIST_FILE = YES;
				MARKETING_VERSION = 1.0;
				PRODUCT_BUNDLE_IDENTIFIER = work.tkgstrator.InstantNXUITests;
				PRODUCT_NAME = "$(TARGET_NAME)";
				SWIFT_EMIT_LOC_STRINGS = NO;
				SWIFT_VERSION = 5.0;
				TARGETED_DEVICE_FAMILY = "1,2";
				TEST_TARGET_NAME = InstantNX;
			};
			name = Debug;
		};
		10D6C2BF2CBA7DC100F8A5D4 /* Release */ = {
			isa = XCBuildConfiguration;
			buildSettings = {
				CODE_SIGN_STYLE = Automatic;
				CURRENT_PROJECT_VERSION = 2;
				DEVELOPMENT_TEAM = D9HU6JZF2Q;
				GENERATE_INFOPLIST_FILE = YES;
				MARKETING_VERSION = 1.0;
				PRODUCT_BUNDLE_IDENTIFIER = work.tkgstrator.InstantNXUITests;
				PRODUCT_NAME = "$(TARGET_NAME)";
				SWIFT_EMIT_LOC_STRINGS = NO;
				SWIFT_VERSION = 5.0;
				TARGETED_DEVICE_FAMILY = "1,2";
				TEST_TARGET_NAME = InstantNX;
			};
			name = Release;
		};
/* End XCBuildConfiguration section */

/* Begin XCConfigurationList section */
		10D6C28E2CBA7DC000F8A5D4 /* Build configuration list for PBXProject "InstantNX" */ = {
			isa = XCConfigurationList;
			buildConfigurations = (
				10D6C2B52CBA7DC100F8A5D4 /* Debug */,
				10D6C2B62CBA7DC100F8A5D4 /* Release */,
			);
			defaultConfigurationIsVisible = 0;
			defaultConfigurationName = Release;
		};
		10D6C2B72CBA7DC100F8A5D4 /* Build configuration list for PBXNativeTarget "InstantNX" */ = {
			isa = XCConfigurationList;
			buildConfigurations = (
				10D6C2B82CBA7DC100F8A5D4 /* Debug */,
				10D6C2B92CBA7DC100F8A5D4 /* Release */,
			);
			defaultConfigurationIsVisible = 0;
			defaultConfigurationName = Release;
		};
		10D6C2BA2CBA7DC100F8A5D4 /* Build configuration list for PBXNativeTarget "InstantNXTests" */ = {
			isa = XCConfigurationList;
			buildConfigurations = (
				10D6C2BB2CBA7DC100F8A5D4 /* Debug */,
				10D6C2BC2CBA7DC100F8A5D4 /* Release */,
			);
			defaultConfigurationIsVisible = 0;
			defaultConfigurationName = Release;
		};
		10D6C2BD2CBA7DC100F8A5D4 /* Build configuration list for PBXNativeTarget "InstantNXUITests" */ = {
			isa = XCConfigurationList;
			buildConfigurations = (
				10D6C2BE2CBA7DC100F8A5D4 /* Debug */,
				10D6C2BF2CBA7DC100F8A5D4 /* Release */,
			);
			defaultConfigurationIsVisible = 0;
			defaultConfigurationName = Release;
		};
/* End XCConfigurationList section */

/* Begin XCRemoteSwiftPackageReference section */
		1024F1772E3A5E0000BC07C8 /* XCRemoteSwiftPackageReference "QuantumLeap" */ = {
			isa = XCRemoteSwiftPackageReference;
			repositoryURL = "https://github.com/qtmleap/QuantumLeap";
			requirement = {
				kind = upToNextMajorVersion;
				minimumVersion = 0.0.1;
			};
		};
		10338CB82CBAA69000A166C3 /* XCRemoteSwiftPackageReference "CodeScanner" */ = {
			isa = XCRemoteSwiftPackageReference;
			repositoryURL = "https://github.com/twostraws/CodeScanner.git";
			requirement = {
				kind = upToNextMajorVersion;
				minimumVersion = 2.5.1;
			};
		};
		10338CC52CBACDA500A166C3 /* XCRemoteSwiftPackageReference "SDWebImageSwiftUI" */ = {
			isa = XCRemoteSwiftPackageReference;
			repositoryURL = "https://github.com/SDWebImage/SDWebImageSwiftUI.git";
			requirement = {
				kind = upToNextMajorVersion;
				minimumVersion = 3.1.2;
			};
		};
		10338CCD2CBAD77100A166C3 /* XCRemoteSwiftPackageReference "Alamofire" */ = {
			isa = XCRemoteSwiftPackageReference;
			repositoryURL = "https://github.com/Alamofire/Alamofire";
			requirement = {
				kind = upToNextMajorVersion;
				minimumVersion = 5.9.1;
			};
		};
		109FA4842E38BF49000D841C /* XCRemoteSwiftPackageReference "firebase-ios-sdk" */ = {
			isa = XCRemoteSwiftPackageReference;
			repositoryURL = "https://github.com/firebase/firebase-ios-sdk";
			requirement = {
				kind = upToNextMajorVersion;
				minimumVersion = 12.1.0;
			};
		};
		10DCB1582E3A834300D360DF /* XCRemoteSwiftPackageReference "AlertToast" */ = {
			isa = XCRemoteSwiftPackageReference;
			repositoryURL = "https://github.com/elai950/AlertToast.git";
			requirement = {
				kind = upToNextMajorVersion;
				minimumVersion = 1.3.9;
			};
		};
		10E954902E38D9E400AC7B28 /* XCRemoteSwiftPackageReference "BetterSafariView" */ = {
			isa = XCRemoteSwiftPackageReference;
			repositoryURL = "https://github.com/stleamist/BetterSafariView.git";
			requirement = {
				branch = main;
				kind = branch;
			};
		};
/* End XCRemoteSwiftPackageReference section */

/* Begin XCSwiftPackageProductDependency section */
		1024F1782E3A5E0000BC07C8 /* QuantumLeap */ = {
			isa = XCSwiftPackageProductDependency;
			package = 1024F1772E3A5E0000BC07C8 /* XCRemoteSwiftPackageReference "QuantumLeap" */;
			productName = QuantumLeap;
		};
		10338CB92CBAA69000A166C3 /* CodeScanner */ = {
			isa = XCSwiftPackageProductDependency;
			package = 10338CB82CBAA69000A166C3 /* XCRemoteSwiftPackageReference "CodeScanner" */;
			productName = CodeScanner;
		};
		10338CC62CBACDA500A166C3 /* SDWebImageSwiftUI */ = {
			isa = XCSwiftPackageProductDependency;
			package = 10338CC52CBACDA500A166C3 /* XCRemoteSwiftPackageReference "SDWebImageSwiftUI" */;
			productName = SDWebImageSwiftUI;
		};
		10338CCE2CBAD77100A166C3 /* Alamofire */ = {
			isa = XCSwiftPackageProductDependency;
			package = 10338CCD2CBAD77100A166C3 /* XCRemoteSwiftPackageReference "Alamofire" */;
			productName = Alamofire;
		};
		10907BDD2E55970600CE4BC4 /* FirebaseAnalytics */ = {
			isa = XCSwiftPackageProductDependency;
			package = 109FA4842E38BF49000D841C /* XCRemoteSwiftPackageReference "firebase-ios-sdk" */;
			productName = FirebaseAnalytics;
		};
		10907BDF2E55970E00CE4BC4 /* FirebaseAnalyticsCore */ = {
			isa = XCSwiftPackageProductDependency;
			package = 109FA4842E38BF49000D841C /* XCRemoteSwiftPackageReference "firebase-ios-sdk" */;
			productName = FirebaseAnalyticsCore;
		};
		10907BE12E55971400CE4BC4 /* FirebaseCore */ = {
			isa = XCSwiftPackageProductDependency;
			package = 109FA4842E38BF49000D841C /* XCRemoteSwiftPackageReference "firebase-ios-sdk" */;
			productName = FirebaseCore;
		};
		10907BE32E55971D00CE4BC4 /* FirebaseMessaging */ = {
			isa = XCSwiftPackageProductDependency;
			package = 109FA4842E38BF49000D841C /* XCRemoteSwiftPackageReference "firebase-ios-sdk" */;
			productName = FirebaseMessaging;
		};
		10907BE52E55972300CE4BC4 /* FirebasePerformance */ = {
			isa = XCSwiftPackageProductDependency;
			package = 109FA4842E38BF49000D841C /* XCRemoteSwiftPackageReference "firebase-ios-sdk" */;
			productName = FirebasePerformance;
		};
		10907BE72E55972900CE4BC4 /* FirebaseRemoteConfig */ = {
			isa = XCSwiftPackageProductDependency;
			package = 109FA4842E38BF49000D841C /* XCRemoteSwiftPackageReference "firebase-ios-sdk" */;
			productName = FirebaseRemoteConfig;
		};
		10907BE92E55978300CE4BC4 /* FirebaseAppCheck */ = {
			isa = XCSwiftPackageProductDependency;
			package = 109FA4842E38BF49000D841C /* XCRemoteSwiftPackageReference "firebase-ios-sdk" */;
			productName = FirebaseAppCheck;
		};
		109FA4852E38BF49000D841C /* FirebaseAnalytics */ = {
			isa = XCSwiftPackageProductDependency;
			package = 109FA4842E38BF49000D841C /* XCRemoteSwiftPackageReference "firebase-ios-sdk" */;
			productName = FirebaseAnalytics;
		};
		109FA4872E38BF49000D841C /* FirebaseAnalyticsCore */ = {
			isa = XCSwiftPackageProductDependency;
			package = 109FA4842E38BF49000D841C /* XCRemoteSwiftPackageReference "firebase-ios-sdk" */;
			productName = FirebaseAnalyticsCore;
		};
		109FA4892E38BF49000D841C /* FirebaseAnalyticsIdentitySupport */ = {
			isa = XCSwiftPackageProductDependency;
			package = 109FA4842E38BF49000D841C /* XCRemoteSwiftPackageReference "firebase-ios-sdk" */;
			productName = FirebaseAnalyticsIdentitySupport;
		};
		109FA48B2E38BF49000D841C /* FirebaseCrashlytics */ = {
			isa = XCSwiftPackageProductDependency;
			package = 109FA4842E38BF49000D841C /* XCRemoteSwiftPackageReference "firebase-ios-sdk" */;
			productName = FirebaseCrashlytics;
		};
		10DCB1592E3A834300D360DF /* AlertToast */ = {
			isa = XCSwiftPackageProductDependency;
			package = 10DCB1582E3A834300D360DF /* XCRemoteSwiftPackageReference "AlertToast" */;
			productName = AlertToast;
		};
		10E954912E38D9E400AC7B28 /* BetterSafariView */ = {
			isa = XCSwiftPackageProductDependency;
			package = 10E954902E38D9E400AC7B28 /* XCRemoteSwiftPackageReference "BetterSafariView" */;
			productName = BetterSafariView;
		};
/* End XCSwiftPackageProductDependency section */
	};
	rootObject = 10D6C28B2CBA7DC000F8A5D4 /* Project object */;
}
